{
  "name": "reviewengine-make",
  "version": "1.0.0",
  "lockfileVersion": 3,
  "requires": true,
  "packages": {
    "": {
      "name": "reviewengine-make",
      "version": "1.0.0",
      "devDependencies": {
        "@makehq/forman-schema": "^1.14.0"
      }
    },
    "node_modules/@makehq/forman-schema": {
      "version": "1.16.0",
      "resolved": "https://registry.npmjs.org/@makehq/forman-schema/-/forman-schema-1.16.0.tgz",
      "integrity": "sha512-OqEqN0gsDCRGcHmo6sS0h7rumb/hvjH38voqLTyRpDxI0cy0ise6oC/nFyPPv07oFVr685Pz1D3Sj/Ebjh8KiA==",
      "dev": true,
      "license": "MIT",
      "engines": {
        "node": ">=18"
      }
    }
  }
}
